// !$*UTF8*$!
{
	archiveVersion = 1;
	classes = {
	};
	objectVersion = 46;
	objects = {

/* Begin PBXBuildFile section */
		E68942271BFD357400FF5415 /* AppDelegate.swift in Sources */ = {isa = PBXBuildFile; fileRef = E68942261BFD357400FF5415 /* AppDelegate.swift */; };
		E68942291BFD357400FF5415 /* FirstViewController.swift in Sources */ = {isa = PBXBuildFile; fileRef = E68942281BFD357400FF5415 /* FirstViewController.swift */; };
		E689422B1BFD357400FF5415 /* SecondViewController.swift in Sources */ = {isa = PBXBuildFile; fileRef = E689422A1BFD357400FF5415 /* SecondViewController.swift */; };
		E689422E1BFD357400FF5415 /* Main.storyboard in Resources */ = {isa = PBXBuildFile; fileRef = E689422C1BFD357400FF5415 /* Main.storyboard */; };
		E68942301BFD357400FF5415 /* Assets.xcassets in Resources */ = {isa = PBXBuildFile; fileRef = E689422F1BFD357400FF5415 /* Assets.xcassets */; };
		E68942331BFD357400FF5415 /* LaunchScreen.storyboard in Resources */ = {isa = PBXBuildFile; fileRef = E68942311BFD357400FF5415 /* LaunchScreen.storyboard */; };
		E689423E1BFD357400FF5415 /* MapTheFutureTests.swift in Sources */ = {isa = PBXBuildFile; fileRef = E689423D1BFD357400FF5415 /* MapTheFutureTests.swift */; };
/* End PBXBuildFile section */

/* Begin PBXContainerItemProxy section */
		E689423A1BFD357400FF5415 /* PBXContainerItemProxy */ = {
			isa = PBXContainerItemProxy;
			containerPortal = E689421B1BFD357400FF5415 /* Project object */;
			proxyType = 1;
			remoteGlobalIDString = E68942221BFD357400FF5415;
			remoteInfo = MapTheFuture;
		};
/* End PBXContainerItemProxy section */

/* Begin PBXFileReference section */
		E68942231BFD357400FF5415 /* MapTheFuture.app */ = {isa = PBXFileReference; explicitFileType = wrapper.application; includeInIndex = 0; path = MapTheFuture.app; sourceTree = BUILT_PRODUCTS_DIR; };
		E68942261BFD357400FF5415 /* AppDelegate.swift */ = {isa = PBXFileReference; lastKnownFileType = sourcecode.swift; path = AppDelegate.swift; sourceTree = "<group>"; };
		E68942281BFD357400FF5415 /* FirstViewController.swift */ = {isa = PBXFileReference; lastKnownFileType = sourcecode.swift; path = FirstViewController.swift; sourceTree = "<group>"; };
		E689422A1BFD357400FF5415 /* SecondViewController.swift */ = {isa = PBXFileReference; lastKnownFileType = sourcecode.swift; path = SecondViewController.swift; sourceTree = "<group>"; };
		E689422D1BFD357400FF5415 /* Base */ = {isa = PBXFileReference; lastKnownFileType = file.storyboard; name = Base; path = Base.lproj/Main.storyboard; sourceTree = "<group>"; };
		E689422F1BFD357400FF5415 /* Assets.xcassets */ = {isa = PBXFileReference; lastKnownFileType = folder.assetcatalog; path = Assets.xcassets; sourceTree = "<group>"; };
		E68942321BFD357400FF5415 /* Base */ = {isa = PBXFileReference; lastKnownFileType = file.storyboard; name = Base; path = Base.lproj/LaunchScreen.storyboard; sourceTree = "<group>"; };
		E68942341BFD357400FF5415 /* Info.plist */ = {isa = PBXFileReference; lastKnownFileType = text.plist.xml; path = Info.plist; sourceTree = "<group>"; };
		E68942391BFD357400FF5415 /* MapTheFutureTests.xctest */ = {isa = PBXFileReference; explicitFileType = wrapper.cfbundle; includeInIndex = 0; path = MapTheFutureTests.xctest; sourceTree = BUILT_PRODUCTS_DIR; };
		E689423D1BFD357400FF5415 /* MapTheFutureTests.swift */ = {isa = PBXFileReference; lastKnownFileType = sourcecode.swift; path = MapTheFutureTests.swift; sourceTree = "<group>"; };
		E689423F1BFD357400FF5415 /* Info.plist */ = {isa = PBXFileReference; lastKnownFileType = text.plist.xml; path = Info.plist; sourceTree = "<group>"; };
/* End PBXFileReference section */

/* Begin PBXFrameworksBuildPhase section */
		E68942201BFD357400FF5415 /* Frameworks */ = {
			isa = PBXFrameworksBuildPhase;
			buildActionMask = 2147483647;
			files = (
			);
			runOnlyForDeploymentPostprocessing = 0;
		};
		E68942361BFD357400FF5415 /* Frameworks */ = {
			isa = PBXFrameworksBuildPhase;
			buildActionMask = 2147483647;
			files = (
			);
			runOnlyForDeploymentPostprocessing = 0;
		};
/* End PBXFrameworksBuildPhase section */

/* Begin PBXGroup section */
		E689421A1BFD357400FF5415 = {
			isa = PBXGroup;
			children = (
				E68942251BFD357400FF5415 /* MapTheFuture */,
				E689423C1BFD357400FF5415 /* MapTheFutureTests */,
				E68942241BFD357400FF5415 /* Products */,
			);
			sourceTree = "<group>";
		};
		E68942241BFD357400FF5415 /* Products */ = {
			isa = PBXGroup;
			children = (
				E68942231BFD357400FF5415 /* MapTheFuture.app */,
				E68942391BFD357400FF5415 /* MapTheFutureTests.xctest */,
			);
			name = Products;
			sourceTree = "<group>";
		};
		E68942251BFD357400FF5415 /* MapTheFuture */ = {
			isa = PBXGroup;
			children = (
				E68942261BFD357400FF5415 /* AppDelegate.swift */,
				E68942281BFD357400FF5415 /* FirstViewController.swift */,
				E689422A1BFD357400FF5415 /* SecondViewController.swift */,
				E689422C1BFD357400FF5415 /* Main.storyboard */,
				E689422F1BFD357400FF5415 /* Assets.xcassets */,
				E68942311BFD357400FF5415 /* LaunchScreen.storyboard */,
				E68942341BFD357400FF5415 /* Info.plist */,
			);
			path = MapTheFuture;
			sourceTree = "<group>";
		};
		E689423C1BFD357400FF5415 /* MapTheFutureTests */ = {
			isa = PBXGroup;
			children = (
				E689423D1BFD357400FF5415 /* MapTheFutureTests.swift */,
				E689423F1BFD357400FF5415 /* Info.plist */,
			);
			path = MapTheFutureTests;
			sourceTree = "<group>";
		};
/* End PBXGroup section */

/* Begin PBXNativeTarget section */
		E68942221BFD357400FF5415 /* MapTheFuture */ = {
			isa = PBXNativeTarget;
			buildConfigurationList = E68942421BFD357400FF5415 /* Build configuration list for PBXNativeTarget "MapTheFuture" */;
			buildPhases = (
				E689421F1BFD357400FF5415 /* Sources */,
				E68942201BFD357400FF5415 /* Frameworks */,
				E68942211BFD357400FF5415 /* Resources */,
			);
			buildRules = (
			);
			dependencies = (
			);
			name = MapTheFuture;
			productName = MapTheFuture;
			productReference = E68942231BFD357400FF5415 /* MapTheFuture.app */;
			productType = "com.apple.product-type.application";
		};
		E68942381BFD357400FF5415 /* MapTheFutureTests */ = {
			isa = PBXNativeTarget;
			buildConfigurationList = E68942451BFD357400FF5415 /* Build configuration list for PBXNativeTarget "MapTheFutureTests" */;
			buildPhases = (
				E68942351BFD357400FF5415 /* Sources */,
				E68942361BFD357400FF5415 /* Frameworks */,
				E68942371BFD357400FF5415 /* Resources */,
			);
			buildRules = (
			);
			dependencies = (
				E689423B1BFD357400FF5415 /* PBXTargetDependency */,
			);
			name = MapTheFutureTests;
			productName = MapTheFutureTests;
			productReference = E68942391BFD357400FF5415 /* MapTheFutureTests.xctest */;
			productType = "com.apple.product-type.bundle.unit-test";
		};
/* End PBXNativeTarget section */

/* Begin PBXProject section */
		E689421B1BFD357400FF5415 /* Project object */ = {
			isa = PBXProject;
			attributes = {
				LastSwiftUpdateCheck = 0720;
				LastUpgradeCheck = 0720;
				ORGANIZATIONNAME = "Mac Bellingrath";
				TargetAttributes = {
					E68942221BFD357400FF5415 = {
						CreatedOnToolsVersion = 7.2;
					};
					E68942381BFD357400FF5415 = {
						CreatedOnToolsVersion = 7.2;
						TestTargetID = E68942221BFD357400FF5415;
					};
				};
			};
			buildConfigurationList = E689421E1BFD357400FF5415 /* Build configuration list for PBXProject "MapTheFuture" */;
			compatibilityVersion = "Xcode 3.2";
			developmentRegion = English;
			hasScannedForEncodings = 0;
			knownRegions = (
				en,
				Base,
			);
			mainGroup = E689421A1BFD357400FF5415;
			productRefGroup = E68942241BFD357400FF5415 /* Products */;
			projectDirPath = "";
			projectRoot = "";
			targets = (
				E68942221BFD357400FF5415 /* MapTheFuture */,
				E68942381BFD357400FF5415 /* MapTheFutureTests */,
			);
		};
/* End PBXProject section */

/* Begin PBXResourcesBuildPhase section */
		E68942211BFD357400FF5415 /* Resources */ = {
			isa = PBXResourcesBuildPhase;
			buildActionMask = 2147483647;
			files = (
				E68942331BFD357400FF5415 /* LaunchScreen.storyboard in Resources */,
				E68942301BFD357400FF5415 /* Assets.xcassets in Resources */,
				E689422E1BFD357400FF5415 /* Main.storyboard in Resources */,
			);
			runOnlyForDeploymentPostprocessing = 0;
		};
		E68942371BFD357400FF5415 /* Resources */ = {
			isa = PBXResourcesBuildPhase;
			buildActionMask = 2147483647;
			files = (
			);
			runOnlyForDeploymentPostprocessing = 0;
		};
/* End PBXResourcesBuildPhase section */

/* Begin PBXSourcesBuildPhase section */
		E689421F1BFD357400FF5415 /* Sources */ = {
			isa = PBXSourcesBuildPhase;
			buildActionMask = 2147483647;
			files = (
				E689422B1BFD357400FF5415 /* SecondViewController.swift in Sources */,
				E68942271BFD357400FF5415 /* AppDelegate.swift in Sources */,
				E68942291BFD357400FF5415 /* FirstViewController.swift in Sources */,
			);
			runOnlyForDeploymentPostprocessing = 0;
		};
		E68942351BFD357400FF5415 /* Sources */ = {
			isa = PBXSourcesBuildPhase;
			buildActionMask = 2147483647;
			files = (
				E689423E1BFD357400FF5415 /* MapTheFutureTests.swift in Sources */,
			);
			runOnlyForDeploymentPostprocessing = 0;
		};
/* End PBXSourcesBuildPhase section */

/* Begin PBXTargetDependency section */
		E689423B1BFD357400FF5415 /* PBXTargetDependency */ = {
			isa = PBXTargetDependency;
			target = E68942221BFD357400FF5415 /* MapTheFuture */;
			targetProxy = E689423A1BFD357400FF5415 /* PBXContainerItemProxy */;
		};
/* End PBXTargetDependency section */

/* Begin PBXVariantGroup section */
		E689422C1BFD357400FF5415 /* Main.storyboard */ = {
			isa = PBXVariantGroup;
			children = (
				E689422D1BFD357400FF5415 /* Base */,
			);
			name = Main.storyboard;
			sourceTree = "<group>";
		};
		E68942311BFD357400FF5415 /* LaunchScreen.storyboard */ = {
			isa = PBXVariantGroup;
			children = (
				E68942321BFD357400FF5415 /* Base */,
			);
			name = LaunchScreen.storyboard;
			sourceTree = "<group>";
		};
/* End PBXVariantGroup section */

/* Begin XCBuildConfiguration section */
		E68942401BFD357400FF5415 /* Debug */ = {
			isa = XCBuildConfiguration;
			buildSettings = {
				ALWAYS_SEARCH_USER_PATHS = NO;
				CLANG_CXX_LANGUAGE_STANDARD = "gnu++0x";
				CLANG_CXX_LIBRARY = "libc++";
				CLANG_ENABLE_MODULES = YES;
				CLANG_ENABLE_OBJC_ARC = YES;
				CLANG_WARN_BOOL_CONVERSION = YES;
				CLANG_WARN_CONSTANT_CONVERSION = YES;
				CLANG_WARN_DIRECT_OBJC_ISA_USAGE = YES_ERROR;
				CLANG_WARN_EMPTY_BODY = YES;
				CLANG_WARN_ENUM_CONVERSION = YES;
				CLANG_WARN_INT_CONVERSION = YES;
				CLANG_WARN_OBJC_ROOT_CLASS = YES_ERROR;
				CLANG_WARN_UNREACHABLE_CODE = YES;
				CLANG_WARN__DUPLICATE_METHOD_MATCH = YES;
				"CODE_SIGN_IDENTITY[sdk=iphoneos*]" = "iPhone Developer";
				COPY_PHASE_STRIP = NO;
				DEBUG_INFORMATION_FORMAT = dwarf;
				ENABLE_STRICT_OBJC_MSGSEND = YES;
				ENABLE_TESTABILITY = YES;
				GCC_C_LANGUAGE_STANDARD = gnu99;
				GCC_DYNAMIC_NO_PIC = NO;
				GCC_NO_COMMON_BLOCKS = YES;
				GCC_OPTIMIZATION_LEVEL = 0;
				GCC_PREPROCESSOR_DEFINITIONS = (
					"DEBUG=1",
					"$(inherited)",
				);
				GCC_WARN_64_TO_32_BIT_CONVERSION = YES;
				GCC_WARN_ABOUT_RETURN_TYPE = YES_ERROR;
				GCC_WARN_UNDECLARED_SELECTOR = YES;
				GCC_WARN_UNINITIALIZED_AUTOS = YES_AGGRESSIVE;
				GCC_WARN_UNUSED_FUNCTION = YES;
				GCC_WARN_UNUSED_VARIABLE = YES;
				IPHONEOS_DEPLOYMENT_TARGET = 9.2;
				MTL_ENABLE_DEBUG_INFO = YES;
				ONLY_ACTIVE_ARCH = YES;
				SDKROOT = iphoneos;
				SWIFT_OPTIMIZATION_LEVEL = "-Onone";
			};
			name = Debug;
		};
		E68942411BFD357400FF5415 /* Release */ = {
			isa = XCBuildConfiguration;
			buildSettings = {
				ALWAYS_SEARCH_USER_PATHS = NO;
				CLANG_CXX_LANGUAGE_STANDARD = "gnu++0x";
				CLANG_CXX_LIBRARY = "libc++";
				CLANG_ENABLE_MODULES = YES;
				CLANG_ENABLE_OBJC_ARC = YES;
				CLANG_WARN_BOOL_CONVERSION = YES;
				CLANG_WARN_CONSTANT_CONVERSION = YES;
				CLANG_WARN_DIRECT_OBJC_ISA_USAGE = YES_ERROR;
				CLANG_WARN_EMPTY_BODY = YES;
				CLANG_WARN_ENUM_CONVERSION = YES;
				CLANG_WARN_INT_CONVERSION = YES;
				CLANG_WARN_OBJC_ROOT_CLASS = YES_ERROR;
				CLANG_WARN_UNREACHABLE_CODE = YES;
				CLANG_WARN__DUPLICATE_METHOD_MATCH = YES;
				"CODE_SIGN_IDENTITY[sdk=iphoneos*]" = "iPhone Developer";
				COPY_PHASE_STRIP = NO;
				DEBUG_INFORMATION_FORMAT = "dwarf-with-dsym";
				ENABLE_NS_ASSERTIONS = NO;
				ENABLE_STRICT_OBJC_MSGSEND = YES;
				GCC_C_LANGUAGE_STANDARD = gnu99;
				GCC_NO_COMMON_BLOCKS = YES;
				GCC_WARN_64_TO_32_BIT_CONVERSION = YES;
				GCC_WARN_ABOUT_RETURN_TYPE = YES_ERROR;
				GCC_WARN_UNDECLARED_SELECTOR = YES;
				GCC_WARN_UNINITIALIZED_AUTOS = YES_AGGRESSIVE;
				GCC_WARN_UNUSED_FUNCTION = YES;
				GCC_WARN_UNUSED_VARIABLE = YES;
				IPHONEOS_DEPLOYMENT_TARGET = 9.2;
				MTL_ENABLE_DEBUG_INFO = NO;
				SDKROOT = iphoneos;
				VALIDATE_PRODUCT = YES;
			};
			name = Release;
		};
		E68942431BFD357400FF5415 /* Debug */ = {
			isa = XCBuildConfiguration;
			buildSettings = {
				ASSETCATALOG_COMPILER_APPICON_NAME = AppIcon;
				INFOPLIST_FILE = MapTheFuture/Info.plist;
				LD_RUNPATH_SEARCH_PATHS = "$(inherited) @executable_path/Frameworks";
				PRODUCT_BUNDLE_IDENTIFIER = com.macbellingrath.MapTheFuture;
				PRODUCT_NAME = "$(TARGET_NAME)";
			};
			name = Debug;
		};
		E68942441BFD357400FF5415 /* Release */ = {
			isa = XCBuildConfiguration;
			buildSettings = {
				ASSETCATALOG_COMPILER_APPICON_NAME = AppIcon;
				INFOPLIST_FILE = MapTheFuture/Info.plist;
				LD_RUNPATH_SEARCH_PATHS = "$(inherited) @executable_path/Frameworks";
				PRODUCT_BUNDLE_IDENTIFIER = com.macbellingrath.MapTheFuture;
				PRODUCT_NAME = "$(TARGET_NAME)";
			};
			name = Release;
		};
		E68942461BFD357400FF5415 /* Debug */ = {
			isa = XCBuildConfiguration;
			buildSettings = {
				BUNDLE_LOADER = "$(TEST_HOST)";
				INFOPLIST_FILE = MapTheFutureTests/Info.plist;
				LD_RUNPATH_SEARCH_PATHS = "$(inherited) @executable_path/Frameworks @loader_path/Frameworks";
				PRODUCT_BUNDLE_IDENTIFIER = com.macbellingrath.MapTheFutureTests;
				PRODUCT_NAME = "$(TARGET_NAME)";
				TEST_HOST = "$(BUILT_PRODUCTS_DIR)/MapTheFuture.app/MapTheFuture";
			};
			name = Debug;
		};
		E68942471BFD357400FF5415 /* Release */ = {
			isa = XCBuildConfiguration;
			buildSettings = {
				BUNDLE_LOADER = "$(TEST_HOST)";
				INFOPLIST_FILE = MapTheFutureTests/Info.plist;
				LD_RUNPATH_SEARCH_PATHS = "$(inherited) @executable_path/Frameworks @loader_path/Frameworks";
				PRODUCT_BUNDLE_IDENTIFIER = com.macbellingrath.MapTheFutureTests;
				PRODUCT_NAME = "$(TARGET_NAME)";
				TEST_HOST = "$(BUILT_PRODUCTS_DIR)/MapTheFuture.app/MapTheFuture";
			};
			name = Release;
		};
/* End XCBuildConfiguration section */

/* Begin XCConfigurationList section */
		E689421E1BFD357400FF5415 /* Build configuration list for PBXProject "MapTheFuture" */ = {
			isa = XCConfigurationList;
			buildConfigurations = (
				E68942401BFD357400FF5415 /* Debug */,
				E68942411BFD357400FF5415 /* Release */,
			);
			defaultConfigurationIsVisible = 0;
			defaultConfigurationName = Release;
		};
		E68942421BFD357400FF5415 /* Build configuration list for PBXNativeTarget "MapTheFuture" */ = {
			isa = XCConfigurationList;
			buildConfigurations = (
				E68942431BFD357400FF5415 /* Debug */,
				E68942441BFD357400FF5415 /* Release */,
			);
			defaultConfigurationIsVisible = 0;
		};
		E68942451BFD357400FF5415 /* Build configuration list for PBXNativeTarget "MapTheFutureTests" */ = {
			isa = XCConfigurationList;
			buildConfigurations = (
				E68942461BFD357400FF5415 /* Debug */,
				E68942471BFD357400FF5415 /* Release */,
			);
			defaultConfigurationIsVisible = 0;
		};
/* End XCConfigurationList section */
	};
	rootObject = E689421B1BFD357400FF5415 /* Project object */;
}
